// !$*UTF8*$!
{
	archiveVersion = 1;
	classes = {
	};
	objectVersion = 55;
	objects = {

/* Begin PBXBuildFile section */
		7F87D61F288F2DCF00284ED4 /* CarCell.swift in Sources */ = {isa = PBXBuildFile; fileRef = 7F87D61D288F2DCF00284ED4 /* CarCell.swift */; };
		7F87D620288F2DCF00284ED4 /* CarCell.xib in Resources */ = {isa = PBXBuildFile; fileRef = 7F87D61E288F2DCF00284ED4 /* CarCell.xib */; };
		7F87D622288F33E700284ED4 /* CarsController.swift in Sources */ = {isa = PBXBuildFile; fileRef = 7F87D621288F33E700284ED4 /* CarsController.swift */; };
		7F87D626288F37C800284ED4 /* ServiceCell.swift in Sources */ = {isa = PBXBuildFile; fileRef = 7F87D624288F37C800284ED4 /* ServiceCell.swift */; };
		7F87D627288F37C800284ED4 /* ServiceCell.xib in Resources */ = {isa = PBXBuildFile; fileRef = 7F87D625288F37C800284ED4 /* ServiceCell.xib */; };
		7F87D62B288F37E000284ED4 /* FileCell.swift in Sources */ = {isa = PBXBuildFile; fileRef = 7F87D629288F37E000284ED4 /* FileCell.swift */; };
		7F87D62C288F37E000284ED4 /* FileCell.xib in Resources */ = {isa = PBXBuildFile; fileRef = 7F87D62A288F37E000284ED4 /* FileCell.xib */; };
		7F87D62F288F380000284ED4 /* CarInfoController.swift in Sources */ = {isa = PBXBuildFile; fileRef = 7F87D62D288F380000284ED4 /* CarInfoController.swift */; };
		7F87D630288F380000284ED4 /* CarInfoController.xib in Resources */ = {isa = PBXBuildFile; fileRef = 7F87D62E288F380000284ED4 /* CarInfoController.xib */; };
		7F87D633288F451100284ED4 /* InfoPageController.swift in Sources */ = {isa = PBXBuildFile; fileRef = 7F87D632288F451100284ED4 /* InfoPageController.swift */; };
		7F87D636288F46B400284ED4 /* ServicesController.swift in Sources */ = {isa = PBXBuildFile; fileRef = 7F87D635288F46B400284ED4 /* ServicesController.swift */; };
		7F87D638288F46EE00284ED4 /* FilesController.swift in Sources */ = {isa = PBXBuildFile; fileRef = 7F87D637288F46EE00284ED4 /* FilesController.swift */; };
		7FF94AD3288F2A0500E933D7 /* AppDelegate.swift in Sources */ = {isa = PBXBuildFile; fileRef = 7FF94AD2288F2A0500E933D7 /* AppDelegate.swift */; };
		7FF94AD5288F2A0500E933D7 /* SceneDelegate.swift in Sources */ = {isa = PBXBuildFile; fileRef = 7FF94AD4288F2A0500E933D7 /* SceneDelegate.swift */; };
		7FF94ADC288F2A0700E933D7 /* Assets.xcassets in Resources */ = {isa = PBXBuildFile; fileRef = 7FF94ADB288F2A0700E933D7 /* Assets.xcassets */; };
		7FF94ADF288F2A0700E933D7 /* LaunchScreen.storyboard in Resources */ = {isa = PBXBuildFile; fileRef = 7FF94ADD288F2A0700E933D7 /* LaunchScreen.storyboard */; };
/* End PBXBuildFile section */

/* Begin PBXFileReference section */
		7F87D61D288F2DCF00284ED4 /* CarCell.swift */ = {isa = PBXFileReference; lastKnownFileType = sourcecode.swift; path = CarCell.swift; sourceTree = "<group>"; };
		7F87D61E288F2DCF00284ED4 /* CarCell.xib */ = {isa = PBXFileReference; lastKnownFileType = file.xib; path = CarCell.xib; sourceTree = "<group>"; };
		7F87D621288F33E700284ED4 /* CarsController.swift */ = {isa = PBXFileReference; lastKnownFileType = sourcecode.swift; path = CarsController.swift; sourceTree = "<group>"; };
		7F87D624288F37C800284ED4 /* ServiceCell.swift */ = {isa = PBXFileReference; lastKnownFileType = sourcecode.swift; path = ServiceCell.swift; sourceTree = "<group>"; };
		7F87D625288F37C800284ED4 /* ServiceCell.xib */ = {isa = PBXFileReference; lastKnownFileType = file.xib; path = ServiceCell.xib; sourceTree = "<group>"; };
		7F87D629288F37E000284ED4 /* FileCell.swift */ = {isa = PBXFileReference; lastKnownFileType = sourcecode.swift; path = FileCell.swift; sourceTree = "<group>"; };
		7F87D62A288F37E000284ED4 /* FileCell.xib */ = {isa = PBXFileReference; lastKnownFileType = file.xib; path = FileCell.xib; sourceTree = "<group>"; };
		7F87D62D288F380000284ED4 /* CarInfoController.swift */ = {isa = PBXFileReference; lastKnownFileType = sourcecode.swift; path = CarInfoController.swift; sourceTree = "<group>"; };
		7F87D62E288F380000284ED4 /* CarInfoController.xib */ = {isa = PBXFileReference; lastKnownFileType = file.xib; path = CarInfoController.xib; sourceTree = "<group>"; };
		7F87D632288F451100284ED4 /* InfoPageController.swift */ = {isa = PBXFileReference; lastKnownFileType = sourcecode.swift; path = InfoPageController.swift; sourceTree = "<group>"; };
		7F87D635288F46B400284ED4 /* ServicesController.swift */ = {isa = PBXFileReference; lastKnownFileType = sourcecode.swift; path = ServicesController.swift; sourceTree = "<group>"; };
		7F87D637288F46EE00284ED4 /* FilesController.swift */ = {isa = PBXFileReference; lastKnownFileType = sourcecode.swift; path = FilesController.swift; sourceTree = "<group>"; };
		7FF94ACF288F2A0500E933D7 /* Car Check.app */ = {isa = PBXFileReference; explicitFileType = wrapper.application; includeInIndex = 0; path = "Car Check.app"; sourceTree = BUILT_PRODUCTS_DIR; };
		7FF94AD2288F2A0500E933D7 /* AppDelegate.swift */ = {isa = PBXFileReference; lastKnownFileType = sourcecode.swift; path = AppDelegate.swift; sourceTree = "<group>"; };
		7FF94AD4288F2A0500E933D7 /* SceneDelegate.swift */ = {isa = PBXFileReference; lastKnownFileType = sourcecode.swift; path = SceneDelegate.swift; sourceTree = "<group>"; };
		7FF94ADB288F2A0700E933D7 /* Assets.xcassets */ = {isa = PBXFileReference; lastKnownFileType = folder.assetcatalog; path = Assets.xcassets; sourceTree = "<group>"; };
		7FF94ADE288F2A0700E933D7 /* Base */ = {isa = PBXFileReference; lastKnownFileType = file.storyboard; name = Base; path = Base.lproj/LaunchScreen.storyboard; sourceTree = "<group>"; };
		7FF94AE0288F2A0700E933D7 /* Info.plist */ = {isa = PBXFileReference; lastKnownFileType = text.plist.xml; path = Info.plist; sourceTree = "<group>"; };
/* End PBXFileReference section */

/* Begin PBXFrameworksBuildPhase section */
		7FF94ACC288F2A0500E933D7 /* Frameworks */ = {
			isa = PBXFrameworksBuildPhase;
			buildActionMask = 2147483647;
			files = (
			);
			runOnlyForDeploymentPostprocessing = 0;
		};
/* End PBXFrameworksBuildPhase section */

/* Begin PBXGroup section */
		7F87D61A288F2C9A00284ED4 /* Controllers */ = {
			isa = PBXGroup;
			children = (
				7F87D631288F447F00284ED4 /* CarInfoController */,
				7F87D621288F33E700284ED4 /* CarsController.swift */,
				7F87D632288F451100284ED4 /* InfoPageController.swift */,
				7F87D635288F46B400284ED4 /* ServicesController.swift */,
				7F87D637288F46EE00284ED4 /* FilesController.swift */,
			);
			path = Controllers;
			sourceTree = "<group>";
		};
		7F87D61B288F2CC300284ED4 /* Cells */ = {
			isa = PBXGroup;
			children = (
				7F87D628288F37CD00284ED4 /* FileCell */,
				7F87D623288F37B100284ED4 /* ServiceCell */,
				7F87D61C288F2DAF00284ED4 /* CarCell */,
			);
			path = Cells;
			sourceTree = "<group>";
		};
		7F87D61C288F2DAF00284ED4 /* CarCell */ = {
			isa = PBXGroup;
			children = (
				7F87D61D288F2DCF00284ED4 /* CarCell.swift */,
				7F87D61E288F2DCF00284ED4 /* CarCell.xib */,
			);
			path = CarCell;
			sourceTree = "<group>";
		};
		7F87D623288F37B100284ED4 /* ServiceCell */ = {
			isa = PBXGroup;
			children = (
				7F87D624288F37C800284ED4 /* ServiceCell.swift */,
				7F87D625288F37C800284ED4 /* ServiceCell.xib */,
			);
			path = ServiceCell;
			sourceTree = "<group>";
		};
		7F87D628288F37CD00284ED4 /* FileCell */ = {
			isa = PBXGroup;
			children = (
				7F87D629288F37E000284ED4 /* FileCell.swift */,
				7F87D62A288F37E000284ED4 /* FileCell.xib */,
			);
			path = FileCell;
			sourceTree = "<group>";
		};
		7F87D631288F447F00284ED4 /* CarInfoController */ = {
			isa = PBXGroup;
			children = (
				7F87D62D288F380000284ED4 /* CarInfoController.swift */,
				7F87D62E288F380000284ED4 /* CarInfoController.xib */,
			);
			path = CarInfoController;
			sourceTree = "<group>";
		};
		7FF94AC6288F2A0500E933D7 = {
			isa = PBXGroup;
			children = (
				7FF94AD1288F2A0500E933D7 /* Car Check */,
				7FF94AD0288F2A0500E933D7 /* Products */,
			);
			sourceTree = "<group>";
		};
		7FF94AD0288F2A0500E933D7 /* Products */ = {
			isa = PBXGroup;
			children = (
				7FF94ACF288F2A0500E933D7 /* Car Check.app */,
			);
			name = Products;
			sourceTree = "<group>";
		};
		7FF94AD1288F2A0500E933D7 /* Car Check */ = {
			isa = PBXGroup;
			children = (
				7F87D61A288F2C9A00284ED4 /* Controllers */,
				7F87D61B288F2CC300284ED4 /* Cells */,
				7FF94AD2288F2A0500E933D7 /* AppDelegate.swift */,
				7FF94AD4288F2A0500E933D7 /* SceneDelegate.swift */,
				7FF94ADB288F2A0700E933D7 /* Assets.xcassets */,
				7FF94ADD288F2A0700E933D7 /* LaunchScreen.storyboard */,
				7FF94AE0288F2A0700E933D7 /* Info.plist */,
			);
			path = "Car Check";
			sourceTree = "<group>";
		};
/* End PBXGroup section */

/* Begin PBXNativeTarget section */
		7FF94ACE288F2A0500E933D7 /* Car Check */ = {
			isa = PBXNativeTarget;
			buildConfigurationList = 7FF94AE3288F2A0700E933D7 /* Build configuration list for PBXNativeTarget "Car Check" */;
			buildPhases = (
				7FF94ACB288F2A0500E933D7 /* Sources */,
				7FF94ACC288F2A0500E933D7 /* Frameworks */,
				7FF94ACD288F2A0500E933D7 /* Resources */,
			);
			buildRules = (
			);
			dependencies = (
			);
			name = "Car Check";
			productName = "Car Check";
			productReference = 7FF94ACF288F2A0500E933D7 /* Car Check.app */;
			productType = "com.apple.product-type.application";
		};
/* End PBXNativeTarget section */

/* Begin PBXProject section */
		7FF94AC7288F2A0500E933D7 /* Project object */ = {
			isa = PBXProject;
			attributes = {
				BuildIndependentTargetsInParallel = 1;
				LastSwiftUpdateCheck = 1340;
				LastUpgradeCheck = 1340;
				TargetAttributes = {
					7FF94ACE288F2A0500E933D7 = {
						CreatedOnToolsVersion = 13.4.1;
					};
				};
			};
			buildConfigurationList = 7FF94ACA288F2A0500E933D7 /* Build configuration list for PBXProject "Car Check" */;
			compatibilityVersion = "Xcode 13.0";
			developmentRegion = en;
			hasScannedForEncodings = 0;
			knownRegions = (
				en,
				Base,
			);
			mainGroup = 7FF94AC6288F2A0500E933D7;
			productRefGroup = 7FF94AD0288F2A0500E933D7 /* Products */;
			projectDirPath = "";
			projectRoot = "";
			targets = (
				7FF94ACE288F2A0500E933D7 /* Car Check */,
			);
		};
/* End PBXProject section */

/* Begin PBXResourcesBuildPhase section */
		7FF94ACD288F2A0500E933D7 /* Resources */ = {
			isa = PBXResourcesBuildPhase;
			buildActionMask = 2147483647;
			files = (
				7FF94ADF288F2A0700E933D7 /* LaunchScreen.storyboard in Resources */,
				7F87D627288F37C800284ED4 /* ServiceCell.xib in Resources */,
				7F87D620288F2DCF00284ED4 /* CarCell.xib in Resources */,
				7F87D630288F380000284ED4 /* CarInfoController.xib in Resources */,
				7F87D62C288F37E000284ED4 /* FileCell.xib in Resources */,
				7FF94ADC288F2A0700E933D7 /* Assets.xcassets in Resources */,
			);
			runOnlyForDeploymentPostprocessing = 0;
		};
/* End PBXResourcesBuildPhase section */

/* Begin PBXSourcesBuildPhase section */
		7FF94ACB288F2A0500E933D7 /* Sources */ = {
			isa = PBXSourcesBuildPhase;
			buildActionMask = 2147483647;
			files = (
				7F87D636288F46B400284ED4 /* ServicesController.swift in Sources */,
				7F87D633288F451100284ED4 /* InfoPageController.swift in Sources */,
				7F87D622288F33E700284ED4 /* CarsController.swift in Sources */,
				7F87D638288F46EE00284ED4 /* FilesController.swift in Sources */,
				7F87D61F288F2DCF00284ED4 /* CarCell.swift in Sources */,
				7F87D626288F37C800284ED4 /* ServiceCell.swift in Sources */,
				7F87D62F288F380000284ED4 /* CarInfoController.swift in Sources */,
				7F87D62B288F37E000284ED4 /* FileCell.swift in Sources */,
				7FF94AD3288F2A0500E933D7 /* AppDelegate.swift in Sources */,
				7FF94AD5288F2A0500E933D7 /* SceneDelegate.swift in Sources */,
			);
			runOnlyForDeploymentPostprocessing = 0;
		};
/* End PBXSourcesBuildPhase section */

/* Begin PBXVariantGroup section */
		7FF94ADD288F2A0700E933D7 /* LaunchScreen.storyboard */ = {
			isa = PBXVariantGroup;
			children = (
				7FF94ADE288F2A0700E933D7 /* Base */,
			);
			name = LaunchScreen.storyboard;
			sourceTree = "<group>";
		};
/* End PBXVariantGroup section */

/* Begin XCBuildConfiguration section */
		7FF94AE1288F2A0700E933D7 /* Debug */ = {
			isa = XCBuildConfiguration;
			buildSettings = {
				ALWAYS_SEARCH_USER_PATHS = NO;
				CLANG_ANALYZER_NONNULL = YES;
				CLANG_ANALYZER_NUMBER_OBJECT_CONVERSION = YES_AGGRESSIVE;
				CLANG_CXX_LANGUAGE_STANDARD = "gnu++17";
				CLANG_ENABLE_MODULES = YES;
				CLANG_ENABLE_OBJC_ARC = YES;
				CLANG_ENABLE_OBJC_WEAK = YES;
				CLANG_WARN_BLOCK_CAPTURE_AUTORELEASING = YES;
				CLANG_WARN_BOOL_CONVERSION = YES;
				CLANG_WARN_COMMA = YES;
				CLANG_WARN_CONSTANT_CONVERSION = YES;
				CLANG_WARN_DEPRECATED_OBJC_IMPLEMENTATIONS = YES;
				CLANG_WARN_DIRECT_OBJC_ISA_USAGE = YES_ERROR;
				CLANG_WARN_DOCUMENTATION_COMMENTS = YES;
				CLANG_WARN_EMPTY_BODY = YES;
				CLANG_WARN_ENUM_CONVERSION = YES;
				CLANG_WARN_INFINITE_RECURSION = YES;
				CLANG_WARN_INT_CONVERSION = YES;
				CLANG_WARN_NON_LITERAL_NULL_CONVERSION = YES;
				CLANG_WARN_OBJC_IMPLICIT_RETAIN_SELF = YES;
				CLANG_WARN_OBJC_LITERAL_CONVERSION = YES;
				CLANG_WARN_OBJC_ROOT_CLASS = YES_ERROR;
				CLANG_WARN_QUOTED_INCLUDE_IN_FRAMEWORK_HEADER = YES;
				CLANG_WARN_RANGE_LOOP_ANALYSIS = YES;
				CLANG_WARN_STRICT_PROTOTYPES = YES;
				CLANG_WARN_SUSPICIOUS_MOVE = YES;
				CLANG_WARN_UNGUARDED_AVAILABILITY = YES_AGGRESSIVE;
				CLANG_WARN_UNREACHABLE_CODE = YES;
				CLANG_WARN__DUPLICATE_METHOD_MATCH = YES;
				COPY_PHASE_STRIP = NO;
				DEBUG_INFORMATION_FORMAT = dwarf;
				ENABLE_STRICT_OBJC_MSGSEND = YES;
				ENABLE_TESTABILITY = YES;
				GCC_C_LANGUAGE_STANDARD = gnu11;
				GCC_DYNAMIC_NO_PIC = NO;
				GCC_NO_COMMON_BLOCKS = YES;
				GCC_OPTIMIZATION_LEVEL = 0;
				GCC_PREPROCESSOR_DEFINITIONS = (
					"DEBUG=1",
					"$(inherited)",
				);
				GCC_WARN_64_TO_32_BIT_CONVERSION = YES;
				GCC_WARN_ABOUT_RETURN_TYPE = YES_ERROR;
				GCC_WARN_UNDECLARED_SELECTOR = YES;
				GCC_WARN_UNINITIALIZED_AUTOS = YES_AGGRESSIVE;
				GCC_WARN_UNUSED_FUNCTION = YES;
				GCC_WARN_UNUSED_VARIABLE = YES;
				IPHONEOS_DEPLOYMENT_TARGET = 15.5;
				MTL_ENABLE_DEBUG_INFO = INCLUDE_SOURCE;
				MTL_FAST_MATH = YES;
				ONLY_ACTIVE_ARCH = YES;
				SDKROOT = iphoneos;
				SWIFT_ACTIVE_COMPILATION_CONDITIONS = DEBUG;
				SWIFT_OPTIMIZATION_LEVEL = "-Onone";
			};
			name = Debug;
		};
		7FF94AE2288F2A0700E933D7 /* Release */ = {
			isa = XCBuildConfiguration;
			buildSettings = {
				ALWAYS_SEARCH_USER_PATHS = NO;
				CLANG_ANALYZER_NONNULL = YES;
				CLANG_ANALYZER_NUMBER_OBJECT_CONVERSION = YES_AGGRESSIVE;
				CLANG_CXX_LANGUAGE_STANDARD = "gnu++17";
				CLANG_ENABLE_MODULES = YES;
				CLANG_ENABLE_OBJC_ARC = YES;
				CLANG_ENABLE_OBJC_WEAK = YES;
				CLANG_WARN_BLOCK_CAPTURE_AUTORELEASING = YES;
				CLANG_WARN_BOOL_CONVERSION = YES;
				CLANG_WARN_COMMA = YES;
				CLANG_WARN_CONSTANT_CONVERSION = YES;
				CLANG_WARN_DEPRECATED_OBJC_IMPLEMENTATIONS = YES;
				CLANG_WARN_DIRECT_OBJC_ISA_USAGE = YES_ERROR;
				CLANG_WARN_DOCUMENTATION_COMMENTS = YES;
				CLANG_WARN_EMPTY_BODY = YES;
				CLANG_WARN_ENUM_CONVERSION = YES;
				CLANG_WARN_INFINITE_RECURSION = YES;
				CLANG_WARN_INT_CONVERSION = YES;
				CLANG_WARN_NON_LITERAL_NULL_CONVERSION = YES;
				CLANG_WARN_OBJC_IMPLICIT_RETAIN_SELF = YES;
				CLANG_WARN_OBJC_LITERAL_CONVERSION = YES;
				CLANG_WARN_OBJC_ROOT_CLASS = YES_ERROR;
				CLANG_WARN_QUOTED_INCLUDE_IN_FRAMEWORK_HEADER = YES;
				CLANG_WARN_RANGE_LOOP_ANALYSIS = YES;
				CLANG_WARN_STRICT_PROTOTYPES = YES;
				CLANG_WARN_SUSPICIOUS_MOVE = YES;
				CLANG_WARN_UNGUARDED_AVAILABILITY = YES_AGGRESSIVE;
				CLANG_WARN_UNREACHABLE_CODE = YES;
				CLANG_WARN__DUPLICATE_METHOD_MATCH = YES;
				COPY_PHASE_STRIP = NO;
				DEBUG_INFORMATION_FORMAT = "dwarf-with-dsym";
				ENABLE_NS_ASSERTIONS = NO;
				ENABLE_STRICT_OBJC_MSGSEND = YES;
				GCC_C_LANGUAGE_STANDARD = gnu11;
				GCC_NO_COMMON_BLOCKS = YES;
				GCC_WARN_64_TO_32_BIT_CONVERSION = YES;
				GCC_WARN_ABOUT_RETURN_TYPE = YES_ERROR;
				GCC_WARN_UNDECLARED_SELECTOR = YES;
				GCC_WARN_UNINITIALIZED_AUTOS = YES_AGGRESSIVE;
				GCC_WARN_UNUSED_FUNCTION = YES;
				GCC_WARN_UNUSED_VARIABLE = YES;
				IPHONEOS_DEPLOYMENT_TARGET = 15.5;
				MTL_ENABLE_DEBUG_INFO = NO;
				MTL_FAST_MATH = YES;
				SDKROOT = iphoneos;
				SWIFT_COMPILATION_MODE = wholemodule;
				SWIFT_OPTIMIZATION_LEVEL = "-O";
				VALIDATE_PRODUCT = YES;
			};
			name = Release;
		};
		7FF94AE4288F2A0700E933D7 /* Debug */ = {
			isa = XCBuildConfiguration;
			buildSettings = {
				ASSETCATALOG_COMPILER_APPICON_NAME = AppIcon;
				ASSETCATALOG_COMPILER_GLOBAL_ACCENT_COLOR_NAME = AccentColor;
				CODE_SIGN_STYLE = Automatic;
				CURRENT_PROJECT_VERSION = 1;
				DEVELOPMENT_TEAM = T8V9JXV542;
				GENERATE_INFOPLIST_FILE = YES;
				INFOPLIST_FILE = "Car Check/Info.plist";
				INFOPLIST_KEY_UIApplicationSupportsIndirectInputEvents = YES;
				INFOPLIST_KEY_UILaunchStoryboardName = LaunchScreen;
				INFOPLIST_KEY_UISupportedInterfaceOrientations_iPad = "UIInterfaceOrientationPortrait UIInterfaceOrientationPortraitUpsideDown UIInterfaceOrientationLandscapeLeft UIInterfaceOrientationLandscapeRight";
				INFOPLIST_KEY_UISupportedInterfaceOrientations_iPhone = "UIInterfaceOrientationPortrait UIInterfaceOrientationLandscapeLeft UIInterfaceOrientationLandscapeRight";
				IPHONEOS_DEPLOYMENT_TARGET = 13.0;
				LD_RUNPATH_SEARCH_PATHS = (
					"$(inherited)",
					"@executable_path/Frameworks",
				);
				MARKETING_VERSION = 1.0;
				PRODUCT_BUNDLE_IDENTIFIER = "Ilya-Romanenko.Car-Check";
				PRODUCT_NAME = "$(TARGET_NAME)";
				SWIFT_EMIT_LOC_STRINGS = YES;
				SWIFT_VERSION = 5.0;
				TARGETED_DEVICE_FAMILY = 1;
			};
			name = Debug;
		};
		7FF94AE5288F2A0700E933D7 /* Release */ = {
			isa = XCBuildConfiguration;
			buildSettings = {
				ASSETCATALOG_COMPILER_APPICON_NAME = AppIcon;
				ASSETCATALOG_COMPILER_GLOBAL_ACCENT_COLOR_NAME = AccentColor;
				CODE_SIGN_STYLE = Automatic;
				CURRENT_PROJECT_VERSION = 1;
				DEVELOPMENT_TEAM = T8V9JXV542;
				GENERATE_INFOPLIST_FILE = YES;
				INFOPLIST_FILE = "Car Check/Info.plist";
				INFOPLIST_KEY_UIApplicationSupportsIndirectInputEvents = YES;
				INFOPLIST_KEY_UILaunchStoryboardName = LaunchScreen;
				INFOPLIST_KEY_UISupportedInterfaceOrientations_iPad = "UIInterfaceOrientationPortrait UIInterfaceOrientationPortraitUpsideDown UIInterfaceOrientationLandscapeLeft UIInterfaceOrientationLandscapeRight";
				INFOPLIST_KEY_UISupportedInterfaceOrientations_iPhone = "UIInterfaceOrientationPortrait UIInterfaceOrientationLandscapeLeft UIInterfaceOrientationLandscapeRight";
				IPHONEOS_DEPLOYMENT_TARGET = 13.0;
				LD_RUNPATH_SEARCH_PATHS = (
					"$(inherited)",
					"@executable_path/Frameworks",
				);
				MARKETING_VERSION = 1.0;
				PRODUCT_BUNDLE_IDENTIFIER = "Ilya-Romanenko.Car-Check";
				PRODUCT_NAME = "$(TARGET_NAME)";
				SWIFT_EMIT_LOC_STRINGS = YES;
				SWIFT_VERSION = 5.0;
				TARGETED_DEVICE_FAMILY = 1;
			};
			name = Release;
		};
/* End XCBuildConfiguration section */

/* Begin XCConfigurationList section */
		7FF94ACA288F2A0500E933D7 /* Build configuration list for PBXProject "Car Check" */ = {
			isa = XCConfigurationList;
			buildConfigurations = (
				7FF94AE1288F2A0700E933D7 /* Debug */,
				7FF94AE2288F2A0700E933D7 /* Release */,
			);
			defaultConfigurationIsVisible = 0;
			defaultConfigurationName = Release;
		};
		7FF94AE3288F2A0700E933D7 /* Build configuration list for PBXNativeTarget "Car Check" */ = {
			isa = XCConfigurationList;
			buildConfigurations = (
				7FF94AE4288F2A0700E933D7 /* Debug */,
				7FF94AE5288F2A0700E933D7 /* Release */,
			);
			defaultConfigurationIsVisible = 0;
			defaultConfigurationName = Release;
		};
/* End XCConfigurationList section */
	};
	rootObject = 7FF94AC7288F2A0500E933D7 /* Project object */;
}
